// !$*UTF8*$!
{
	archiveVersion = 1;
	classes = {
	};
	objectVersion = 55;
	objects = {

/* Begin PBXBuildFile section */
		1F555D6328BFEEF800677B55 /* MarvelTableViewCell.swift in Sources */ = {isa = PBXBuildFile; fileRef = 1F555D6228BFEEF800677B55 /* MarvelTableViewCell.swift */; };
		1F555D6528C0009600677B55 /* MarvelModel.swift in Sources */ = {isa = PBXBuildFile; fileRef = 1F555D6428C0009500677B55 /* MarvelModel.swift */; };
		1F555D6728C0020400677B55 /* MarvelViewModel.swift in Sources */ = {isa = PBXBuildFile; fileRef = 1F555D6628C0020400677B55 /* MarvelViewModel.swift */; };
		1F555D6A28C0036E00677B55 /* WebService.swift in Sources */ = {isa = PBXBuildFile; fileRef = 1F555D6928C0036E00677B55 /* WebService.swift */; };
		1F97D48528BFE6EA003D266B /* AppDelegate.swift in Sources */ = {isa = PBXBuildFile; fileRef = 1F97D48428BFE6EA003D266B /* AppDelegate.swift */; };
		1F97D48728BFE6EA003D266B /* SceneDelegate.swift in Sources */ = {isa = PBXBuildFile; fileRef = 1F97D48628BFE6EA003D266B /* SceneDelegate.swift */; };
		1F97D48928BFE6EA003D266B /* MainViewController.swift in Sources */ = {isa = PBXBuildFile; fileRef = 1F97D48828BFE6EA003D266B /* MainViewController.swift */; };
		1F97D48C28BFE6EA003D266B /* Main.storyboard in Resources */ = {isa = PBXBuildFile; fileRef = 1F97D48A28BFE6EA003D266B /* Main.storyboard */; };
		1F97D48E28BFE6EE003D266B /* Assets.xcassets in Resources */ = {isa = PBXBuildFile; fileRef = 1F97D48D28BFE6EE003D266B /* Assets.xcassets */; };
		1F97D49128BFE6EE003D266B /* LaunchScreen.storyboard in Resources */ = {isa = PBXBuildFile; fileRef = 1F97D48F28BFE6EE003D266B /* LaunchScreen.storyboard */; };
		41309EE228C5301100AFADBA /* DetailMarvelViewModel.swift in Sources */ = {isa = PBXBuildFile; fileRef = 41309EE128C5301100AFADBA /* DetailMarvelViewModel.swift */; };
		4187543328C51570006B3637 /* DetailViewController.swift in Sources */ = {isa = PBXBuildFile; fileRef = 4187543228C51570006B3637 /* DetailViewController.swift */; };
		4187543628C516E7006B3637 /* extensions.swift in Sources */ = {isa = PBXBuildFile; fileRef = 4187543528C516E7006B3637 /* extensions.swift */; };
		8B78D462D6BE10B1937A214A /* Pods_Marvel.framework in Frameworks */ = {isa = PBXBuildFile; fileRef = CFD0E8F97104508CB260948A /* Pods_Marvel.framework */; };
/* End PBXBuildFile section */

/* Begin PBXFileReference section */
		1F555D6228BFEEF800677B55 /* MarvelTableViewCell.swift */ = {isa = PBXFileReference; lastKnownFileType = sourcecode.swift; path = MarvelTableViewCell.swift; sourceTree = "<group>"; };
		1F555D6428C0009500677B55 /* MarvelModel.swift */ = {isa = PBXFileReference; lastKnownFileType = sourcecode.swift; path = MarvelModel.swift; sourceTree = "<group>"; };
		1F555D6628C0020400677B55 /* MarvelViewModel.swift */ = {isa = PBXFileReference; lastKnownFileType = sourcecode.swift; path = MarvelViewModel.swift; sourceTree = "<group>"; };
		1F555D6928C0036E00677B55 /* WebService.swift */ = {isa = PBXFileReference; lastKnownFileType = sourcecode.swift; path = WebService.swift; sourceTree = "<group>"; };
		1F97D48128BFE6EA003D266B /* Marvel.app */ = {isa = PBXFileReference; explicitFileType = wrapper.application; includeInIndex = 0; path = Marvel.app; sourceTree = BUILT_PRODUCTS_DIR; };
		1F97D48428BFE6EA003D266B /* AppDelegate.swift */ = {isa = PBXFileReference; lastKnownFileType = sourcecode.swift; path = AppDelegate.swift; sourceTree = "<group>"; };
		1F97D48628BFE6EA003D266B /* SceneDelegate.swift */ = {isa = PBXFileReference; lastKnownFileType = sourcecode.swift; path = SceneDelegate.swift; sourceTree = "<group>"; };
		1F97D48828BFE6EA003D266B /* MainViewController.swift */ = {isa = PBXFileReference; lastKnownFileType = sourcecode.swift; path = MainViewController.swift; sourceTree = "<group>"; };
		1F97D48B28BFE6EA003D266B /* Base */ = {isa = PBXFileReference; lastKnownFileType = file.storyboard; name = Base; path = Base.lproj/Main.storyboard; sourceTree = "<group>"; };
		1F97D48D28BFE6EE003D266B /* Assets.xcassets */ = {isa = PBXFileReference; lastKnownFileType = folder.assetcatalog; path = Assets.xcassets; sourceTree = "<group>"; };
		1F97D49028BFE6EE003D266B /* Base */ = {isa = PBXFileReference; lastKnownFileType = file.storyboard; name = Base; path = Base.lproj/LaunchScreen.storyboard; sourceTree = "<group>"; };
		1F97D49228BFE6EE003D266B /* Info.plist */ = {isa = PBXFileReference; lastKnownFileType = text.plist.xml; path = Info.plist; sourceTree = "<group>"; };
		41309EE128C5301100AFADBA /* DetailMarvelViewModel.swift */ = {isa = PBXFileReference; lastKnownFileType = sourcecode.swift; path = DetailMarvelViewModel.swift; sourceTree = "<group>"; };
		4187543228C51570006B3637 /* DetailViewController.swift */ = {isa = PBXFileReference; lastKnownFileType = sourcecode.swift; path = DetailViewController.swift; sourceTree = "<group>"; };
		4187543528C516E7006B3637 /* extensions.swift */ = {isa = PBXFileReference; lastKnownFileType = sourcecode.swift; path = extensions.swift; sourceTree = "<group>"; };
		53B3C8A39257E46B3C46B4CA /* Pods-Marvel.release.xcconfig */ = {isa = PBXFileReference; includeInIndex = 1; lastKnownFileType = text.xcconfig; name = "Pods-Marvel.release.xcconfig"; path = "Target Support Files/Pods-Marvel/Pods-Marvel.release.xcconfig"; sourceTree = "<group>"; };
		C9BF77CB20B48D21EE1821F7 /* Pods-Marvel.debug.xcconfig */ = {isa = PBXFileReference; includeInIndex = 1; lastKnownFileType = text.xcconfig; name = "Pods-Marvel.debug.xcconfig"; path = "Target Support Files/Pods-Marvel/Pods-Marvel.debug.xcconfig"; sourceTree = "<group>"; };
		CFD0E8F97104508CB260948A /* Pods_Marvel.framework */ = {isa = PBXFileReference; explicitFileType = wrapper.framework; includeInIndex = 0; path = Pods_Marvel.framework; sourceTree = BUILT_PRODUCTS_DIR; };
/* End PBXFileReference section */

/* Begin PBXFrameworksBuildPhase section */
		1F97D47E28BFE6EA003D266B /* Frameworks */ = {
			isa = PBXFrameworksBuildPhase;
			buildActionMask = 2147483647;
			files = (
				8B78D462D6BE10B1937A214A /* Pods_Marvel.framework in Frameworks */,
			);
			runOnlyForDeploymentPostprocessing = 0;
		};
/* End PBXFrameworksBuildPhase section */

/* Begin PBXGroup section */
		1F555D5F28BFE90B00677B55 /* Models */ = {
			isa = PBXGroup;
			children = (
				1F555D6428C0009500677B55 /* MarvelModel.swift */,
			);
			path = Models;
			sourceTree = "<group>";
		};
		1F555D6028BFE91500677B55 /* ViewModels */ = {
			isa = PBXGroup;
			children = (
				1F555D6628C0020400677B55 /* MarvelViewModel.swift */,
				41309EE128C5301100AFADBA /* DetailMarvelViewModel.swift */,
			);
			path = ViewModels;
			sourceTree = "<group>";
		};
		1F555D6128BFE91E00677B55 /* Views */ = {
			isa = PBXGroup;
			children = (
				1F97D48828BFE6EA003D266B /* MainViewController.swift */,
				1F555D6228BFEEF800677B55 /* MarvelTableViewCell.swift */,
				4187543228C51570006B3637 /* DetailViewController.swift */,
			);
			path = Views;
			sourceTree = "<group>";
		};
		1F555D6828C0035200677B55 /* WebServices */ = {
			isa = PBXGroup;
			children = (
				1F555D6928C0036E00677B55 /* WebService.swift */,
			);
			path = WebServices;
			sourceTree = "<group>";
		};
		1F97D47828BFE6EA003D266B = {
			isa = PBXGroup;
			children = (
				1F97D48328BFE6EA003D266B /* Marvel */,
				1F97D48228BFE6EA003D266B /* Products */,
				45BA528812FFAD1E1268EF26 /* Pods */,
				8F1DDD54726FC94A512D1AA8 /* Frameworks */,
			);
			sourceTree = "<group>";
		};
		1F97D48228BFE6EA003D266B /* Products */ = {
			isa = PBXGroup;
			children = (
				1F97D48128BFE6EA003D266B /* Marvel.app */,
			);
			name = Products;
			sourceTree = "<group>";
		};
		1F97D48328BFE6EA003D266B /* Marvel */ = {
			isa = PBXGroup;
			children = (
				4187543428C516D8006B3637 /* Extensions */,
				1F555D6828C0035200677B55 /* WebServices */,
				1F555D5F28BFE90B00677B55 /* Models */,
				1F555D6128BFE91E00677B55 /* Views */,
				1F555D6028BFE91500677B55 /* ViewModels */,
				1F97D48428BFE6EA003D266B /* AppDelegate.swift */,
				1F97D48628BFE6EA003D266B /* SceneDelegate.swift */,
				1F97D48A28BFE6EA003D266B /* Main.storyboard */,
				1F97D48D28BFE6EE003D266B /* Assets.xcassets */,
				1F97D48F28BFE6EE003D266B /* LaunchScreen.storyboard */,
				1F97D49228BFE6EE003D266B /* Info.plist */,
			);
			path = Marvel;
			sourceTree = "<group>";
		};
		4187543428C516D8006B3637 /* Extensions */ = {
			isa = PBXGroup;
			children = (
				4187543528C516E7006B3637 /* extensions.swift */,
			);
			path = Extensions;
			sourceTree = "<group>";
		};
		45BA528812FFAD1E1268EF26 /* Pods */ = {
			isa = PBXGroup;
			children = (
				C9BF77CB20B48D21EE1821F7 /* Pods-Marvel.debug.xcconfig */,
				53B3C8A39257E46B3C46B4CA /* Pods-Marvel.release.xcconfig */,
			);
			path = Pods;
			sourceTree = "<group>";
		};
		8F1DDD54726FC94A512D1AA8 /* Frameworks */ = {
			isa = PBXGroup;
			children = (
				CFD0E8F97104508CB260948A /* Pods_Marvel.framework */,
			);
			name = Frameworks;
			sourceTree = "<group>";
		};
/* End PBXGroup section */

/* Begin PBXNativeTarget section */
		1F97D48028BFE6EA003D266B /* Marvel */ = {
			isa = PBXNativeTarget;
			buildConfigurationList = 1F97D49528BFE6EE003D266B /* Build configuration list for PBXNativeTarget "Marvel" */;
			buildPhases = (
				DE24DF2B9076EABB0CA889BB /* [CP] Check Pods Manifest.lock */,
				1F97D47D28BFE6EA003D266B /* Sources */,
				1F97D47E28BFE6EA003D266B /* Frameworks */,
				1F97D47F28BFE6EA003D266B /* Resources */,
				403389F9E3465F2E8D175BA7 /* [CP] Embed Pods Frameworks */,
			);
			buildRules = (
			);
			dependencies = (
			);
			name = Marvel;
			productName = Marvel;
			productReference = 1F97D48128BFE6EA003D266B /* Marvel.app */;
			productType = "com.apple.product-type.application";
		};
/* End PBXNativeTarget section */

/* Begin PBXProject section */
		1F97D47928BFE6EA003D266B /* Project object */ = {
			isa = PBXProject;
			attributes = {
				BuildIndependentTargetsInParallel = 1;
				LastSwiftUpdateCheck = 1320;
				LastUpgradeCheck = 1320;
				TargetAttributes = {
					1F97D48028BFE6EA003D266B = {
						CreatedOnToolsVersion = 13.2.1;
					};
				};
			};
			buildConfigurationList = 1F97D47C28BFE6EA003D266B /* Build configuration list for PBXProject "Marvel" */;
			compatibilityVersion = "Xcode 13.0";
			developmentRegion = en;
			hasScannedForEncodings = 0;
			knownRegions = (
				en,
				Base,
			);
			mainGroup = 1F97D47828BFE6EA003D266B;
			productRefGroup = 1F97D48228BFE6EA003D266B /* Products */;
			projectDirPath = "";
			projectRoot = "";
			targets = (
				1F97D48028BFE6EA003D266B /* Marvel */,
			);
		};
/* End PBXProject section */

/* Begin PBXResourcesBuildPhase section */
		1F97D47F28BFE6EA003D266B /* Resources */ = {
			isa = PBXResourcesBuildPhase;
			buildActionMask = 2147483647;
			files = (
				1F97D49128BFE6EE003D266B /* LaunchScreen.storyboard in Resources */,
				1F97D48E28BFE6EE003D266B /* Assets.xcassets in Resources */,
				1F97D48C28BFE6EA003D266B /* Main.storyboard in Resources */,
			);
			runOnlyForDeploymentPostprocessing = 0;
		};
/* End PBXResourcesBuildPhase section */

/* Begin PBXShellScriptBuildPhase section */
		403389F9E3465F2E8D175BA7 /* [CP] Embed Pods Frameworks */ = {
			isa = PBXShellScriptBuildPhase;
			buildActionMask = 2147483647;
			files = (
			);
			inputFileListPaths = (
				"${PODS_ROOT}/Target Support Files/Pods-Marvel/Pods-Marvel-frameworks-${CONFIGURATION}-input-files.xcfilelist",
			);
			name = "[CP] Embed Pods Frameworks";
			outputFileListPaths = (
				"${PODS_ROOT}/Target Support Files/Pods-Marvel/Pods-Marvel-frameworks-${CONFIGURATION}-output-files.xcfilelist",
			);
			runOnlyForDeploymentPostprocessing = 0;
			shellPath = /bin/sh;
			shellScript = "\"${PODS_ROOT}/Target Support Files/Pods-Marvel/Pods-Marvel-frameworks.sh\"\n";
			showEnvVarsInLog = 0;
		};
		DE24DF2B9076EABB0CA889BB /* [CP] Check Pods Manifest.lock */ = {
			isa = PBXShellScriptBuildPhase;
			buildActionMask = 2147483647;
			files = (
			);
			inputFileListPaths = (
			);
			inputPaths = (
				"${PODS_PODFILE_DIR_PATH}/Podfile.lock",
				"${PODS_ROOT}/Manifest.lock",
			);
			name = "[CP] Check Pods Manifest.lock";
			outputFileListPaths = (
			);
			outputPaths = (
				"$(DERIVED_FILE_DIR)/Pods-Marvel-checkManifestLockResult.txt",
			);
			runOnlyForDeploymentPostprocessing = 0;
			shellPath = /bin/sh;
			shellScript = "diff \"${PODS_PODFILE_DIR_PATH}/Podfile.lock\" \"${PODS_ROOT}/Manifest.lock\" > /dev/null\nif [ $? != 0 ] ; then\n    # print error to STDERR\n    echo \"error: The sandbox is not in sync with the Podfile.lock. Run 'pod install' or update your CocoaPods installation.\" >&2\n    exit 1\nfi\n# This output is used by Xcode 'outputs' to avoid re-running this script phase.\necho \"SUCCESS\" > \"${SCRIPT_OUTPUT_FILE_0}\"\n";
			showEnvVarsInLog = 0;
		};
/* End PBXShellScriptBuildPhase section */

/* Begin PBXSourcesBuildPhase section */
		1F97D47D28BFE6EA003D266B /* Sources */ = {
			isa = PBXSourcesBuildPhase;
			buildActionMask = 2147483647;
			files = (
				1F97D48928BFE6EA003D266B /* MainViewController.swift in Sources */,
				1F97D48528BFE6EA003D266B /* AppDelegate.swift in Sources */,
				1F555D6A28C0036E00677B55 /* WebService.swift in Sources */,
				1F555D6328BFEEF800677B55 /* MarvelTableViewCell.swift in Sources */,
				41309EE228C5301100AFADBA /* DetailMarvelViewModel.swift in Sources */,
				1F97D48728BFE6EA003D266B /* SceneDelegate.swift in Sources */,
				4187543628C516E7006B3637 /* extensions.swift in Sources */,
				1F555D6528C0009600677B55 /* MarvelModel.swift in Sources */,
				1F555D6728C0020400677B55 /* MarvelViewModel.swift in Sources */,
				4187543328C51570006B3637 /* DetailViewController.swift in Sources */,
			);
			runOnlyForDeploymentPostprocessing = 0;
		};
/* End PBXSourcesBuildPhase section */

/* Begin PBXVariantGroup section */
		1F97D48A28BFE6EA003D266B /* Main.storyboard */ = {
			isa = PBXVariantGroup;
			children = (
				1F97D48B28BFE6EA003D266B /* Base */,
			);
			name = Main.storyboard;
			sourceTree = "<group>";
		};
		1F97D48F28BFE6EE003D266B /* LaunchScreen.storyboard */ = {
			isa = PBXVariantGroup;
			children = (
				1F97D49028BFE6EE003D266B /* Base */,
			);
			name = LaunchScreen.storyboard;
			sourceTree = "<group>";
		};
/* End PBXVariantGroup section */

/* Begin XCBuildConfiguration section */
		1F97D49328BFE6EE003D266B /* Debug */ = {
			isa = XCBuildConfiguration;
			buildSettings = {
				ALWAYS_SEARCH_USER_PATHS = NO;
				CLANG_ANALYZER_NONNULL = YES;
				CLANG_ANALYZER_NUMBER_OBJECT_CONVERSION = YES_AGGRESSIVE;
				CLANG_CXX_LANGUAGE_STANDARD = "gnu++17";
				CLANG_CXX_LIBRARY = "libc++";
				CLANG_ENABLE_MODULES = YES;
				CLANG_ENABLE_OBJC_ARC = YES;
				CLANG_ENABLE_OBJC_WEAK = YES;
				CLANG_WARN_BLOCK_CAPTURE_AUTORELEASING = YES;
				CLANG_WARN_BOOL_CONVERSION = YES;
				CLANG_WARN_COMMA = YES;
				CLANG_WARN_CONSTANT_CONVERSION = YES;
				CLANG_WARN_DEPRECATED_OBJC_IMPLEMENTATIONS = YES;
				CLANG_WARN_DIRECT_OBJC_ISA_USAGE = YES_ERROR;
				CLANG_WARN_DOCUMENTATION_COMMENTS = YES;
				CLANG_WARN_EMPTY_BODY = YES;
				CLANG_WARN_ENUM_CONVERSION = YES;
				CLANG_WARN_INFINITE_RECURSION = YES;
				CLANG_WARN_INT_CONVERSION = YES;
				CLANG_WARN_NON_LITERAL_NULL_CONVERSION = YES;
				CLANG_WARN_OBJC_IMPLICIT_RETAIN_SELF = YES;
				CLANG_WARN_OBJC_LITERAL_CONVERSION = YES;
				CLANG_WARN_OBJC_ROOT_CLASS = YES_ERROR;
				CLANG_WARN_QUOTED_INCLUDE_IN_FRAMEWORK_HEADER = YES;
				CLANG_WARN_RANGE_LOOP_ANALYSIS = YES;
				CLANG_WARN_STRICT_PROTOTYPES = YES;
				CLANG_WARN_SUSPICIOUS_MOVE = YES;
				CLANG_WARN_UNGUARDED_AVAILABILITY = YES_AGGRESSIVE;
				CLANG_WARN_UNREACHABLE_CODE = YES;
				CLANG_WARN__DUPLICATE_METHOD_MATCH = YES;
				COPY_PHASE_STRIP = NO;
				DEBUG_INFORMATION_FORMAT = dwarf;
				ENABLE_STRICT_OBJC_MSGSEND = YES;
				ENABLE_TESTABILITY = YES;
				GCC_C_LANGUAGE_STANDARD = gnu11;
				GCC_DYNAMIC_NO_PIC = NO;
				GCC_NO_COMMON_BLOCKS = YES;
				GCC_OPTIMIZATION_LEVEL = 0;
				GCC_PREPROCESSOR_DEFINITIONS = (
					"DEBUG=1",
					"$(inherited)",
				);
				GCC_WARN_64_TO_32_BIT_CONVERSION = YES;
				GCC_WARN_ABOUT_RETURN_TYPE = YES_ERROR;
				GCC_WARN_UNDECLARED_SELECTOR = YES;
				GCC_WARN_UNINITIALIZED_AUTOS = YES_AGGRESSIVE;
				GCC_WARN_UNUSED_FUNCTION = YES;
				GCC_WARN_UNUSED_VARIABLE = YES;
				IPHONEOS_DEPLOYMENT_TARGET = 15.2;
				MTL_ENABLE_DEBUG_INFO = INCLUDE_SOURCE;
				MTL_FAST_MATH = YES;
				ONLY_ACTIVE_ARCH = YES;
				SDKROOT = iphoneos;
				SWIFT_ACTIVE_COMPILATION_CONDITIONS = DEBUG;
				SWIFT_OPTIMIZATION_LEVEL = "-Onone";
			};
			name = Debug;
		};
		1F97D49428BFE6EE003D266B /* Release */ = {
			isa = XCBuildConfiguration;
			buildSettings = {
				ALWAYS_SEARCH_USER_PATHS = NO;
				CLANG_ANALYZER_NONNULL = YES;
				CLANG_ANALYZER_NUMBER_OBJECT_CONVERSION = YES_AGGRESSIVE;
				CLANG_CXX_LANGUAGE_STANDARD = "gnu++17";
				CLANG_CXX_LIBRARY = "libc++";
				CLANG_ENABLE_MODULES = YES;
				CLANG_ENABLE_OBJC_ARC = YES;
				CLANG_ENABLE_OBJC_WEAK = YES;
				CLANG_WARN_BLOCK_CAPTURE_AUTORELEASING = YES;
				CLANG_WARN_BOOL_CONVERSION = YES;
				CLANG_WARN_COMMA = YES;
				CLANG_WARN_CONSTANT_CONVERSION = YES;
				CLANG_WARN_DEPRECATED_OBJC_IMPLEMENTATIONS = YES;
				CLANG_WARN_DIRECT_OBJC_ISA_USAGE = YES_ERROR;
				CLANG_WARN_DOCUMENTATION_COMMENTS = YES;
				CLANG_WARN_EMPTY_BODY = YES;
				CLANG_WARN_ENUM_CONVERSION = YES;
				CLANG_WARN_INFINITE_RECURSION = YES;
				CLANG_WARN_INT_CONVERSION = YES;
				CLANG_WARN_NON_LITERAL_NULL_CONVERSION = YES;
				CLANG_WARN_OBJC_IMPLICIT_RETAIN_SELF = YES;
				CLANG_WARN_OBJC_LITERAL_CONVERSION = YES;
				CLANG_WARN_OBJC_ROOT_CLASS = YES_ERROR;
				CLANG_WARN_QUOTED_INCLUDE_IN_FRAMEWORK_HEADER = YES;
				CLANG_WARN_RANGE_LOOP_ANALYSIS = YES;
				CLANG_WARN_STRICT_PROTOTYPES = YES;
				CLANG_WARN_SUSPICIOUS_MOVE = YES;
				CLANG_WARN_UNGUARDED_AVAILABILITY = YES_AGGRESSIVE;
				CLANG_WARN_UNREACHABLE_CODE = YES;
				CLANG_WARN__DUPLICATE_METHOD_MATCH = YES;
				COPY_PHASE_STRIP = NO;
				DEBUG_INFORMATION_FORMAT = "dwarf-with-dsym";
				ENABLE_NS_ASSERTIONS = NO;
				ENABLE_STRICT_OBJC_MSGSEND = YES;
				GCC_C_LANGUAGE_STANDARD = gnu11;
				GCC_NO_COMMON_BLOCKS = YES;
				GCC_WARN_64_TO_32_BIT_CONVERSION = YES;
				GCC_WARN_ABOUT_RETURN_TYPE = YES_ERROR;
				GCC_WARN_UNDECLARED_SELECTOR = YES;
				GCC_WARN_UNINITIALIZED_AUTOS = YES_AGGRESSIVE;
				GCC_WARN_UNUSED_FUNCTION = YES;
				GCC_WARN_UNUSED_VARIABLE = YES;
				IPHONEOS_DEPLOYMENT_TARGET = 15.2;
				MTL_ENABLE_DEBUG_INFO = NO;
				MTL_FAST_MATH = YES;
				SDKROOT = iphoneos;
				SWIFT_COMPILATION_MODE = wholemodule;
				SWIFT_OPTIMIZATION_LEVEL = "-O";
				VALIDATE_PRODUCT = YES;
			};
			name = Release;
		};
		1F97D49628BFE6EE003D266B /* Debug */ = {
			isa = XCBuildConfiguration;
			baseConfigurationReference = C9BF77CB20B48D21EE1821F7 /* Pods-Marvel.debug.xcconfig */;
			buildSettings = {
				ASSETCATALOG_COMPILER_APPICON_NAME = AppIcon;
				ASSETCATALOG_COMPILER_GLOBAL_ACCENT_COLOR_NAME = AccentColor;
				CODE_SIGN_STYLE = Automatic;
				CURRENT_PROJECT_VERSION = 1;
				DEVELOPMENT_TEAM = Q525VM2ADX;
				GENERATE_INFOPLIST_FILE = YES;
				INFOPLIST_FILE = Marvel/Info.plist;
				INFOPLIST_KEY_UIApplicationSupportsIndirectInputEvents = YES;
				INFOPLIST_KEY_UILaunchStoryboardName = LaunchScreen;
				INFOPLIST_KEY_UIMainStoryboardFile = Main;
				INFOPLIST_KEY_UISupportedInterfaceOrientations_iPad = "UIInterfaceOrientationPortrait UIInterfaceOrientationPortraitUpsideDown UIInterfaceOrientationLandscapeLeft UIInterfaceOrientationLandscapeRight";
				INFOPLIST_KEY_UISupportedInterfaceOrientations_iPhone = "UIInterfaceOrientationPortrait UIInterfaceOrientationLandscapeLeft UIInterfaceOrientationLandscapeRight";
				LD_RUNPATH_SEARCH_PATHS = (
					"$(inherited)",
					"@executable_path/Frameworks",
				);
				MARKETING_VERSION = 1.0;
				PRODUCT_BUNDLE_IDENTIFIER = com.yildizkadir.Marvel;
				PRODUCT_NAME = "$(TARGET_NAME)";
				SWIFT_EMIT_LOC_STRINGS = YES;
				SWIFT_VERSION = 5.0;
				TARGETED_DEVICE_FAMILY = "1,2";
			};
			name = Debug;
		};
		1F97D49728BFE6EE003D266B /* Release */ = {
			isa = XCBuildConfiguration;
			baseConfigurationReference = 53B3C8A39257E46B3C46B4CA /* Pods-Marvel.release.xcconfig */;
			buildSettings = {
				ASSETCATALOG_COMPILER_APPICON_NAME = AppIcon;
				ASSETCATALOG_COMPILER_GLOBAL_ACCENT_COLOR_NAME = AccentColor;
				CODE_SIGN_STYLE = Automatic;
				CURRENT_PROJECT_VERSION = 1;
				DEVELOPMENT_TEAM = Q525VM2ADX;
				GENERATE_INFOPLIST_FILE = YES;
				INFOPLIST_FILE = Marvel/Info.plist;
				INFOPLIST_KEY_UIApplicationSupportsIndirectInputEvents = YES;
				INFOPLIST_KEY_UILaunchStoryboardName = LaunchScreen;
				INFOPLIST_KEY_UIMainStoryboardFile = Main;
				INFOPLIST_KEY_UISupportedInterfaceOrientations_iPad = "UIInterfaceOrientationPortrait UIInterfaceOrientationPortraitUpsideDown UIInterfaceOrientationLandscapeLeft UIInterfaceOrientationLandscapeRight";
				INFOPLIST_KEY_UISupportedInterfaceOrientations_iPhone = "UIInterfaceOrientationPortrait UIInterfaceOrientationLandscapeLeft UIInterfaceOrientationLandscapeRight";
				LD_RUNPATH_SEARCH_PATHS = (
					"$(inherited)",
					"@executable_path/Frameworks",
				);
				MARKETING_VERSION = 1.0;
				PRODUCT_BUNDLE_IDENTIFIER = com.yildizkadir.Marvel;
				PRODUCT_NAME = "$(TARGET_NAME)";
				SWIFT_EMIT_LOC_STRINGS = YES;
				SWIFT_VERSION = 5.0;
				TARGETED_DEVICE_FAMILY = "1,2";
			};
			name = Release;
		};
/* End XCBuildConfiguration section */

/* Begin XCConfigurationList section */
		1F97D47C28BFE6EA003D266B /* Build configuration list for PBXProject "Marvel" */ = {
			isa = XCConfigurationList;
			buildConfigurations = (
				1F97D49328BFE6EE003D266B /* Debug */,
				1F97D49428BFE6EE003D266B /* Release */,
			);
			defaultConfigurationIsVisible = 0;
			defaultConfigurationName = Release;
		};
		1F97D49528BFE6EE003D266B /* Build configuration list for PBXNativeTarget "Marvel" */ = {
			isa = XCConfigurationList;
			buildConfigurations = (
				1F97D49628BFE6EE003D266B /* Debug */,
				1F97D49728BFE6EE003D266B /* Release */,
			);
			defaultConfigurationIsVisible = 0;
			defaultConfigurationName = Release;
		};
/* End XCConfigurationList section */
	};
	rootObject = 1F97D47928BFE6EA003D266B /* Project object */;
}
